
Microsoft Visual Studio Solution File, Format Version 12.00
# Visual Studio Version 16
VisualStudioVersion = 16.0.30717.126
MinimumVisualStudioVersion = 10.0.40219.1
Project("{2150E333-8FDC-42A3-9474-1A3956D46DE8}") = "src", "src", "{D90452E9-3424-43BF-A29F-1280BCAEC03E}"
EndProject
Project("{2150E333-8FDC-42A3-9474-1A3956D46DE8}") = "Catalog", "Catalog", "{1A0F4FC8-7926-4525-810C-FBF370EC1D64}"
EndProject
Project("{9A19103F-16F7-4668-BE54-9A1E7A4F7556}") = "Catalog.API", "src\Catalog\Catalog.API\Catalog.API.csproj", "{A4DDA636-1705-46DD-9A8F-DFC05779FD62}"
EndProject
Project("{E53339B2-1760-4266-BCC7-CA923CBCF16C}") = "docker-compose", "docker-compose.dcproj", "{7DF85BED-1F9C-4CC3-945E-665D1C3ECAB5}"
EndProject
Project("{2150E333-8FDC-42A3-9474-1A3956D46DE8}") = "Basket", "Basket", "{4098DAA5-78AB-4154-9002-9E8FED990DAA}"
EndProject
Project("{FAE04EC0-301F-11D3-BF4B-00C04F79EFBC}") = "Basket.API", "src\Basket\Basket.API\Basket.API.csproj", "{9846346D-8B0D-431F-BFFA-7CC3351B0B4C}"
EndProject
Global
	GlobalSection(SolutionConfigurationPlatforms) = preSolution
		Debug|Any CPU = Debug|Any CPU
		Release|Any CPU = Release|Any CPU
	EndGlobalSection
	GlobalSection(ProjectConfigurationPlatforms) = postSolution
		{A4DDA636-1705-46DD-9A8F-DFC05779FD62}.Debug|Any CPU.ActiveCfg = Debug|Any CPU
		{A4DDA636-1705-46DD-9A8F-DFC05779FD62}.Debug|Any CPU.Build.0 = Debug|Any CPU
		{A4DDA636-1705-46DD-9A8F-DFC05779FD62}.Release|Any CPU.ActiveCfg = Release|Any CPU
		{A4DDA636-1705-46DD-9A8F-DFC05779FD62}.Release|Any CPU.Build.0 = Release|Any CPU
		{7DF85BED-1F9C-4CC3-945E-665D1C3ECAB5}.Debug|Any CPU.ActiveCfg = Debug|Any CPU
		{7DF85BED-1F9C-4CC3-945E-665D1C3ECAB5}.Debug|Any CPU.Build.0 = Debug|Any CPU
		{7DF85BED-1F9C-4CC3-945E-665D1C3ECAB5}.Release|Any CPU.ActiveCfg = Release|Any CPU
		{7DF85BED-1F9C-4CC3-945E-665D1C3ECAB5}.Release|Any CPU.Build.0 = Release|Any CPU
		{9846346D-8B0D-431F-BFFA-7CC3351B0B4C}.Debug|Any CPU.ActiveCfg = Debug|Any CPU
		{9846346D-8B0D-431F-BFFA-7CC3351B0B4C}.Debug|Any CPU.Build.0 = Debug|Any CPU
		{9846346D-8B0D-431F-BFFA-7CC3351B0B4C}.Release|Any CPU.ActiveCfg = Release|Any CPU
		{9846346D-8B0D-431F-BFFA-7CC3351B0B4C}.Release|Any CPU.Build.0 = Release|Any CPU
	EndGlobalSection
	GlobalSection(SolutionProperties) = preSolution
		HideSolutionNode = FALSE
	EndGlobalSection
	GlobalSection(NestedProjects) = preSolution
		{1A0F4FC8-7926-4525-810C-FBF370EC1D64} = {D90452E9-3424-43BF-A29F-1280BCAEC03E}
		{A4DDA636-1705-46DD-9A8F-DFC05779FD62} = {1A0F4FC8-7926-4525-810C-FBF370EC1D64}
		{4098DAA5-78AB-4154-9002-9E8FED990DAA} = {D90452E9-3424-43BF-A29F-1280BCAEC03E}
		{9846346D-8B0D-431F-BFFA-7CC3351B0B4C} = {4098DAA5-78AB-4154-9002-9E8FED990DAA}
	EndGlobalSection
	GlobalSection(ExtensibilityGlobals) = postSolution
		SolutionGuid = {9FDB9A61-2B6E-4772-88F7-A447B2A9E274}
	EndGlobalSection
EndGlobal
